
Microsoft Visual Studio Solution File, Format Version 12.00
# Visual Studio Version 16
VisualStudioVersion = 16.0.29424.173
MinimumVisualStudioVersion = 10.0.40219.1
Project("{FAE04EC0-301F-11D3-BF4B-00C04F79EFBC}") = "ServerAPI", "ServerAPI\ServerAPI.csproj", "{7BE53BB4-C526-4D5F-83A1-FB8F26319DB4}"
EndProject
Global
	GlobalSection(SolutionConfigurationPlatforms) = preSolution
		Debug|Any CPU = Debug|Any CPU
		Release|Any CPU = Release|Any CPU
	EndGlobalSection
	GlobalSection(ProjectConfigurationPlatforms) = postSolution
		{7BE53BB4-C526-4D5F-83A1-FB8F26319DB4}.Debug|Any CPU.ActiveCfg = Debug|Any CPU
		{7BE53BB4-C526-4D5F-83A1-FB8F26319DB4}.Debug|Any CPU.Build.0 = Debug|Any CPU
		{7BE53BB4-C526-4D5F-83A1-FB8F26319DB4}.Release|Any CPU.ActiveCfg = Release|Any CPU
		{7BE53BB4-C526-4D5F-83A1-FB8F26319DB4}.Release|Any CPU.Build.0 = Release|Any CPU
	EndGlobalSection
	GlobalSection(SolutionProperties) = preSolution
		HideSolutionNode = FALSE
	EndGlobalSection
	GlobalSection(ExtensibilityGlobals) = postSolution
		SolutionGuid = {DF3B998F-ED72-4C12-B7FC-FC3E48F55745}
	EndGlobalSection
EndGlobal
